{
  "name": "@ifct2017/abbreviations",
  "version": "2.0.6",
  "lockfileVersion": 2,
  "requires": true,
  "packages": {
    "": {
      "name": "@ifct2017/abbreviations",
      "version": "2.0.6",
      "license": "MIT",
      "dependencies": {
        "sql-extra": "0.1"
      },
      "devDependencies": {
        "csv-parse": "4.8"
      }
    },
    "node_modules/csv-parse": {
      "version": "4.8.6",
      "resolved": "https://registry.npmjs.org/csv-parse/-/csv-parse-4.8.6.tgz",
      "integrity": "sha512-rSJlpgAjrB6pmlPaqiBAp3qVtQHN07VxI+ozs+knMsNvgh4bDQgENKLFYLFMvT+jn/wr/zvqsd7IVZ7Txdkr7w==",
      "dev": true
    },
    "node_modules/sql-extra": {
      "version": "0.1.13",
      "resolved": "https://registry.npmjs.org/sql-extra/-/sql-extra-0.1.13.tgz",
      "integrity": "sha512-TRuGNJPX7gMdNZFLkUZADtK7Lmqq1zeXf+56Mkj7XP8xCqm+jcFE80B94BsGXVNkdIexOPhHgwqI2kLRhbhSFg=="
    }
  },
  "dependencies": {
    "csv-parse": {
      "version": "4.8.6",
      "resolved": "https://registry.npmjs.org/csv-parse/-/csv-parse-4.8.6.tgz",
      "integrity": "sha512-rSJlpgAjrB6pmlPaqiBAp3qVtQHN07VxI+ozs+knMsNvgh4bDQgENKLFYLFMvT+jn/wr/zvqsd7IVZ7Txdkr7w==",
      "dev": true
    },
    "sql-extra": {
      "version": "0.1.13",
      "resolved": "https://registry.npmjs.org/sql-extra/-/sql-extra-0.1.13.tgz",
      "integrity": "sha512-TRuGNJPX7gMdNZFLkUZADtK7Lmqq1zeXf+56Mkj7XP8xCqm+jcFE80B94BsGXVNkdIexOPhHgwqI2kLRhbhSFg=="
    }
  }
}
